
Microsoft Visual Studio Solution File, Format Version 12.00
# Visual Studio Version 17
VisualStudioVersion = 17.8.34525.116
MinimumVisualStudioVersion = 10.0.40219.1
Project("{FAE04EC0-301F-11D3-BF4B-00C04F79EFBC}") = "TourTicketApp", "TourTicketApp.csproj", "{45D2C747-F4AD-4C65-87E0-BA6B0C65BAF9}"
EndProject
Global
	GlobalSection(SolutionConfigurationPlatforms) = preSolution
		Debug|Any CPU = Debug|Any CPU
		Release|Any CPU = Release|Any CPU
	EndGlobalSection
	GlobalSection(ProjectConfigurationPlatforms) = postSolution
		{45D2C747-F4AD-4C65-87E0-BA6B0C65BAF9}.Debug|Any CPU.ActiveCfg = Debug|Any CPU
		{45D2C747-F4AD-4C65-87E0-BA6B0C65BAF9}.Debug|Any CPU.Build.0 = Debug|Any CPU
		{45D2C747-F4AD-4C65-87E0-BA6B0C65BAF9}.Release|Any CPU.ActiveCfg = Release|Any CPU
		{45D2C747-F4AD-4C65-87E0-BA6B0C65BAF9}.Release|Any CPU.Build.0 = Release|Any CPU
	EndGlobalSection
	GlobalSection(SolutionProperties) = preSolution
		HideSolutionNode = FALSE
	EndGlobalSection
	GlobalSection(ExtensibilityGlobals) = postSolution
		SolutionGuid = {EED6533F-0CD5-478B-A3EE-2C32CDE92C52}
	EndGlobalSection
EndGlobal
